// !$*UTF8*$!
{
	archiveVersion = 1;
	classes = {
	};
	objectVersion = 46;
	objects = {

/* Begin PBXBuildFile section */
		E32598E41E7A7E1A004A8788 /* main.m in Sources */ = {isa = PBXBuildFile; fileRef = E32598E31E7A7E1A004A8788 /* main.m */; };
		E32598E71E7A7E1A004A8788 /* AppDelegate.m in Sources */ = {isa = PBXBuildFile; fileRef = E32598E61E7A7E1A004A8788 /* AppDelegate.m */; };
		E32598ED1E7A7E1A004A8788 /* Main.storyboard in Resources */ = {isa = PBXBuildFile; fileRef = E32598EB1E7A7E1A004A8788 /* Main.storyboard */; };
		E32598F01E7A7E1A004A8788 /* NNJaneBook.xcdatamodeld in Sources */ = {isa = PBXBuildFile; fileRef = E32598EE1E7A7E1A004A8788 /* NNJaneBook.xcdatamodeld */; };
		E32598F21E7A7E1A004A8788 /* Assets.xcassets in Resources */ = {isa = PBXBuildFile; fileRef = E32598F11E7A7E1A004A8788 /* Assets.xcassets */; };
		E32598F51E7A7E1A004A8788 /* LaunchScreen.storyboard in Resources */ = {isa = PBXBuildFile; fileRef = E32598F31E7A7E1A004A8788 /* LaunchScreen.storyboard */; };
		E32599001E7A7E1A004A8788 /* NNJaneBookTests.m in Sources */ = {isa = PBXBuildFile; fileRef = E32598FF1E7A7E1A004A8788 /* NNJaneBookTests.m */; };
		E325990C1E7A80B7004A8788 /* NNViewController.m in Sources */ = {isa = PBXBuildFile; fileRef = E325990B1E7A80B7004A8788 /* NNViewController.m */; };
		E32599391E7D53AB004A8788 /* NNAnotherViewController.m in Sources */ = {isa = PBXBuildFile; fileRef = E32599381E7D53AB004A8788 /* NNAnotherViewController.m */; };
/* End PBXBuildFile section */

/* Begin PBXContainerItemProxy section */
		E32598FC1E7A7E1A004A8788 /* PBXContainerItemProxy */ = {
			isa = PBXContainerItemProxy;
			containerPortal = E32598D71E7A7E1A004A8788 /* Project object */;
			proxyType = 1;
			remoteGlobalIDString = E32598DE1E7A7E1A004A8788;
			remoteInfo = NNJaneBook;
		};
/* End PBXContainerItemProxy section */

/* Begin PBXFileReference section */
		E32598DF1E7A7E1A004A8788 /* NNJaneBook.app */ = {isa = PBXFileReference; explicitFileType = wrapper.application; includeInIndex = 0; path = NNJaneBook.app; sourceTree = BUILT_PRODUCTS_DIR; };
		E32598E31E7A7E1A004A8788 /* main.m */ = {isa = PBXFileReference; lastKnownFileType = sourcecode.c.objc; path = main.m; sourceTree = "<group>"; };
		E32598E51E7A7E1A004A8788 /* AppDelegate.h */ = {isa = PBXFileReference; lastKnownFileType = sourcecode.c.h; path = AppDelegate.h; sourceTree = "<group>"; };
		E32598E61E7A7E1A004A8788 /* AppDelegate.m */ = {isa = PBXFileReference; lastKnownFileType = sourcecode.c.objc; path = AppDelegate.m; sourceTree = "<group>"; };
		E32598EC1E7A7E1A004A8788 /* Base */ = {isa = PBXFileReference; lastKnownFileType = file.storyboard; name = Base; path = Base.lproj/Main.storyboard; sourceTree = "<group>"; };
		E32598EF1E7A7E1A004A8788 /* NNJaneBook.xcdatamodel */ = {isa = PBXFileReference; lastKnownFileType = wrapper.xcdatamodel; path = NNJaneBook.xcdatamodel; sourceTree = "<group>"; };
		E32598F11E7A7E1A004A8788 /* Assets.xcassets */ = {isa = PBXFileReference; lastKnownFileType = folder.assetcatalog; path = Assets.xcassets; sourceTree = "<group>"; };
		E32598F41E7A7E1A004A8788 /* Base */ = {isa = PBXFileReference; lastKnownFileType = file.storyboard; name = Base; path = Base.lproj/LaunchScreen.storyboard; sourceTree = "<group>"; };
		E32598F61E7A7E1A004A8788 /* Info.plist */ = {isa = PBXFileReference; lastKnownFileType = text.plist.xml; path = Info.plist; sourceTree = "<group>"; };
		E32598FB1E7A7E1A004A8788 /* NNJaneBookTests.xctest */ = {isa = PBXFileReference; explicitFileType = wrapper.cfbundle; includeInIndex = 0; path = NNJaneBookTests.xctest; sourceTree = BUILT_PRODUCTS_DIR; };
		E32598FF1E7A7E1A004A8788 /* NNJaneBookTests.m */ = {isa = PBXFileReference; lastKnownFileType = sourcecode.c.objc; path = NNJaneBookTests.m; sourceTree = "<group>"; };
		E32599011E7A7E1A004A8788 /* Info.plist */ = {isa = PBXFileReference; lastKnownFileType = text.plist.xml; path = Info.plist; sourceTree = "<group>"; };
		E325990A1E7A80B7004A8788 /* NNViewController.h */ = {isa = PBXFileReference; fileEncoding = 4; lastKnownFileType = sourcecode.c.h; path = NNViewController.h; sourceTree = "<group>"; };
		E325990B1E7A80B7004A8788 /* NNViewController.m */ = {isa = PBXFileReference; fileEncoding = 4; lastKnownFileType = sourcecode.c.objc; path = NNViewController.m; sourceTree = "<group>"; };
		E32599371E7D53AB004A8788 /* NNAnotherViewController.h */ = {isa = PBXFileReference; fileEncoding = 4; lastKnownFileType = sourcecode.c.h; path = NNAnotherViewController.h; sourceTree = "<group>"; };
		E32599381E7D53AB004A8788 /* NNAnotherViewController.m */ = {isa = PBXFileReference; fileEncoding = 4; lastKnownFileType = sourcecode.c.objc; path = NNAnotherViewController.m; sourceTree = "<group>"; };
/* End PBXFileReference section */

/* Begin PBXFrameworksBuildPhase section */
		E32598DC1E7A7E1A004A8788 /* Frameworks */ = {
			isa = PBXFrameworksBuildPhase;
			buildActionMask = 2147483647;
			files = (
			);
			runOnlyForDeploymentPostprocessing = 0;
		};
		E32598F81E7A7E1A004A8788 /* Frameworks */ = {
			isa = PBXFrameworksBuildPhase;
			buildActionMask = 2147483647;
			files = (
			);
			runOnlyForDeploymentPostprocessing = 0;
		};
/* End PBXFrameworksBuildPhase section */

/* Begin PBXGroup section */
		E32598D61E7A7E1A004A8788 = {
			isa = PBXGroup;
			children = (
				E32598E11E7A7E1A004A8788 /* NNJaneBook */,
				E32598FE1E7A7E1A004A8788 /* NNJaneBookTests */,
				E32598E01E7A7E1A004A8788 /* Products */,
			);
			sourceTree = "<group>";
			tabWidth = 4;
		};
		E32598E01E7A7E1A004A8788 /* Products */ = {
			isa = PBXGroup;
			children = (
				E32598DF1E7A7E1A004A8788 /* NNJaneBook.app */,
				E32598FB1E7A7E1A004A8788 /* NNJaneBookTests.xctest */,
			);
			name = Products;
			sourceTree = "<group>";
		};
		E32598E11E7A7E1A004A8788 /* NNJaneBook */ = {
			isa = PBXGroup;
			children = (
				E32598E51E7A7E1A004A8788 /* AppDelegate.h */,
				E32598E61E7A7E1A004A8788 /* AppDelegate.m */,
				E325990A1E7A80B7004A8788 /* NNViewController.h */,
				E325990B1E7A80B7004A8788 /* NNViewController.m */,
				E32599371E7D53AB004A8788 /* NNAnotherViewController.h */,
				E32599381E7D53AB004A8788 /* NNAnotherViewController.m */,
				E32598EB1E7A7E1A004A8788 /* Main.storyboard */,
				E32598F11E7A7E1A004A8788 /* Assets.xcassets */,
				E32598F31E7A7E1A004A8788 /* LaunchScreen.storyboard */,
				E32598F61E7A7E1A004A8788 /* Info.plist */,
				E32598EE1E7A7E1A004A8788 /* NNJaneBook.xcdatamodeld */,
				E32598E21E7A7E1A004A8788 /* Supporting Files */,
			);
			path = NNJaneBook;
			sourceTree = "<group>";
		};
		E32598E21E7A7E1A004A8788 /* Supporting Files */ = {
			isa = PBXGroup;
			children = (
				E32598E31E7A7E1A004A8788 /* main.m */,
			);
			name = "Supporting Files";
			sourceTree = "<group>";
		};
		E32598FE1E7A7E1A004A8788 /* NNJaneBookTests */ = {
			isa = PBXGroup;
			children = (
				E32598FF1E7A7E1A004A8788 /* NNJaneBookTests.m */,
				E32599011E7A7E1A004A8788 /* Info.plist */,
			);
			path = NNJaneBookTests;
			sourceTree = "<group>";
		};
/* End PBXGroup section */

/* Begin PBXNativeTarget section */
		E32598DE1E7A7E1A004A8788 /* NNJaneBook */ = {
			isa = PBXNativeTarget;
			buildConfigurationList = E32599041E7A7E1A004A8788 /* Build configuration list for PBXNativeTarget "NNJaneBook" */;
			buildPhases = (
				E32598DB1E7A7E1A004A8788 /* Sources */,
				E32598DC1E7A7E1A004A8788 /* Frameworks */,
				E32598DD1E7A7E1A004A8788 /* Resources */,
			);
			buildRules = (
			);
			dependencies = (
			);
			name = NNJaneBook;
			productName = NNJaneBook;
			productReference = E32598DF1E7A7E1A004A8788 /* NNJaneBook.app */;
			productType = "com.apple.product-type.application";
		};
		E32598FA1E7A7E1A004A8788 /* NNJaneBookTests */ = {
			isa = PBXNativeTarget;
			buildConfigurationList = E32599071E7A7E1A004A8788 /* Build configuration list for PBXNativeTarget "NNJaneBookTests" */;
			buildPhases = (
				E32598F71E7A7E1A004A8788 /* Sources */,
				E32598F81E7A7E1A004A8788 /* Frameworks */,
				E32598F91E7A7E1A004A8788 /* Resources */,
			);
			buildRules = (
			);
			dependencies = (
				E32598FD1E7A7E1A004A8788 /* PBXTargetDependency */,
			);
			name = NNJaneBookTests;
			productName = NNJaneBookTests;
			productReference = E32598FB1E7A7E1A004A8788 /* NNJaneBookTests.xctest */;
			productType = "com.apple.product-type.bundle.unit-test";
		};
/* End PBXNativeTarget section */

/* Begin PBXProject section */
		E32598D71E7A7E1A004A8788 /* Project object */ = {
			isa = PBXProject;
			attributes = {
				CLASSPREFIX = NN;
				LastUpgradeCheck = 0820;
				ORGANIZATIONNAME = "刘朋坤";
				TargetAttributes = {
					E32598DE1E7A7E1A004A8788 = {
						CreatedOnToolsVersion = 8.2.1;
						DevelopmentTeam = 72448A77WQ;
						ProvisioningStyle = Automatic;
					};
					E32598FA1E7A7E1A004A8788 = {
						CreatedOnToolsVersion = 8.2.1;
						DevelopmentTeam = 72448A77WQ;
						ProvisioningStyle = Automatic;
						TestTargetID = E32598DE1E7A7E1A004A8788;
					};
				};
			};
			buildConfigurationList = E32598DA1E7A7E1A004A8788 /* Build configuration list for PBXProject "NNJaneBook" */;
			compatibilityVersion = "Xcode 3.2";
			developmentRegion = English;
			hasScannedForEncodings = 0;
			knownRegions = (
				en,
				Base,
			);
			mainGroup = E32598D61E7A7E1A004A8788;
			productRefGroup = E32598E01E7A7E1A004A8788 /* Products */;
			projectDirPath = "";
			projectRoot = "";
			targets = (
				E32598DE1E7A7E1A004A8788 /* NNJaneBook */,
				E32598FA1E7A7E1A004A8788 /* NNJaneBookTests */,
			);
		};
/* End PBXProject section */

/* Begin PBXResourcesBuildPhase section */
		E32598DD1E7A7E1A004A8788 /* Resources */ = {
			isa = PBXResourcesBuildPhase;
			buildActionMask = 2147483647;
			files = (
				E32598F51E7A7E1A004A8788 /* LaunchScreen.storyboard in Resources */,
				E32598F21E7A7E1A004A8788 /* Assets.xcassets in Resources */,
				E32598ED1E7A7E1A004A8788 /* Main.storyboard in Resources */,
			);
			runOnlyForDeploymentPostprocessing = 0;
		};
		E32598F91E7A7E1A004A8788 /* Resources */ = {
			isa = PBXResourcesBuildPhase;
			buildActionMask = 2147483647;
			files = (
			);
			runOnlyForDeploymentPostprocessing = 0;
		};
/* End PBXResourcesBuildPhase section */

/* Begin PBXSourcesBuildPhase section */
		E32598DB1E7A7E1A004A8788 /* Sources */ = {
			isa = PBXSourcesBuildPhase;
			buildActionMask = 2147483647;
			files = (
				E325990C1E7A80B7004A8788 /* NNViewController.m in Sources */,
				E32598F01E7A7E1A004A8788 /* NNJaneBook.xcdatamodeld in Sources */,
				E32598E71E7A7E1A004A8788 /* AppDelegate.m in Sources */,
				E32599391E7D53AB004A8788 /* NNAnotherViewController.m in Sources */,
				E32598E41E7A7E1A004A8788 /* main.m in Sources */,
			);
			runOnlyForDeploymentPostprocessing = 0;
		};
		E32598F71E7A7E1A004A8788 /* Sources */ = {
			isa = PBXSourcesBuildPhase;
			buildActionMask = 2147483647;
			files = (
				E32599001E7A7E1A004A8788 /* NNJaneBookTests.m in Sources */,
			);
			runOnlyForDeploymentPostprocessing = 0;
		};
/* End PBXSourcesBuildPhase section */

/* Begin PBXTargetDependency section */
		E32598FD1E7A7E1A004A8788 /* PBXTargetDependency */ = {
			isa = PBXTargetDependency;
			target = E32598DE1E7A7E1A004A8788 /* NNJaneBook */;
			targetProxy = E32598FC1E7A7E1A004A8788 /* PBXContainerItemProxy */;
		};
/* End PBXTargetDependency section */

/* Begin PBXVariantGroup section */
		E32598EB1E7A7E1A004A8788 /* Main.storyboard */ = {
			isa = PBXVariantGroup;
			children = (
				E32598EC1E7A7E1A004A8788 /* Base */,
			);
			name = Main.storyboard;
			sourceTree = "<group>";
		};
		E32598F31E7A7E1A004A8788 /* LaunchScreen.storyboard */ = {
			isa = PBXVariantGroup;
			children = (
				E32598F41E7A7E1A004A8788 /* Base */,
			);
			name = LaunchScreen.storyboard;
			sourceTree = "<group>";
		};
/* End PBXVariantGroup section */

/* Begin XCBuildConfiguration section */
		E32599021E7A7E1A004A8788 /* Debug */ = {
			isa = XCBuildConfiguration;
			buildSettings = {
				ALWAYS_SEARCH_USER_PATHS = NO;
				CLANG_ANALYZER_NONNULL = YES;
				CLANG_CXX_LANGUAGE_STANDARD = "gnu++0x";
				CLANG_CXX_LIBRARY = "libc++";
				CLANG_ENABLE_MODULES = YES;
				CLANG_ENABLE_OBJC_ARC = YES;
				CLANG_WARN_BOOL_CONVERSION = YES;
				CLANG_WARN_CONSTANT_CONVERSION = YES;
				CLANG_WARN_DIRECT_OBJC_ISA_USAGE = YES_ERROR;
				CLANG_WARN_DOCUMENTATION_COMMENTS = YES;
				CLANG_WARN_EMPTY_BODY = YES;
				CLANG_WARN_ENUM_CONVERSION = YES;
				CLANG_WARN_INFINITE_RECURSION = YES;
				CLANG_WARN_INT_CONVERSION = YES;
				CLANG_WARN_OBJC_ROOT_CLASS = YES_ERROR;
				CLANG_WARN_SUSPICIOUS_MOVE = YES;
				CLANG_WARN_UNREACHABLE_CODE = YES;
				CLANG_WARN__DUPLICATE_METHOD_MATCH = YES;
				"CODE_SIGN_IDENTITY[sdk=iphoneos*]" = "iPhone Developer";
				COPY_PHASE_STRIP = NO;
				DEBUG_INFORMATION_FORMAT = dwarf;
				ENABLE_STRICT_OBJC_MSGSEND = YES;
				ENABLE_TESTABILITY = YES;
				GCC_C_LANGUAGE_STANDARD = gnu99;
				GCC_DYNAMIC_NO_PIC = NO;
				GCC_NO_COMMON_BLOCKS = YES;
				GCC_OPTIMIZATION_LEVEL = 0;
				GCC_PREPROCESSOR_DEFINITIONS = (
					"DEBUG=1",
					"$(inherited)",
				);
				GCC_WARN_64_TO_32_BIT_CONVERSION = YES;
				GCC_WARN_ABOUT_RETURN_TYPE = YES_ERROR;
				GCC_WARN_UNDECLARED_SELECTOR = YES;
				GCC_WARN_UNINITIALIZED_AUTOS = YES_AGGRESSIVE;
				GCC_WARN_UNUSED_FUNCTION = YES;
				GCC_WARN_UNUSED_VARIABLE = YES;
				IPHONEOS_DEPLOYMENT_TARGET = 10.2;
				MTL_ENABLE_DEBUG_INFO = YES;
				ONLY_ACTIVE_ARCH = YES;
				SDKROOT = iphoneos;
				TARGETED_DEVICE_FAMILY = "1,2";
			};
			name = Debug;
		};
		E32599031E7A7E1A004A8788 /* Release */ = {
			isa = XCBuildConfiguration;
			buildSettings = {
				ALWAYS_SEARCH_USER_PATHS = NO;
				CLANG_ANALYZER_NONNULL = YES;
				CLANG_CXX_LANGUAGE_STANDARD = "gnu++0x";
				CLANG_CXX_LIBRARY = "libc++";
				CLANG_ENABLE_MODULES = YES;
				CLANG_ENABLE_OBJC_ARC = YES;
				CLANG_WARN_BOOL_CONVERSION = YES;
				CLANG_WARN_CONSTANT_CONVERSION = YES;
				CLANG_WARN_DIRECT_OBJC_ISA_USAGE = YES_ERROR;
				CLANG_WARN_DOCUMENTATION_COMMENTS = YES;
				CLANG_WARN_EMPTY_BODY = YES;
				CLANG_WARN_ENUM_CONVERSION = YES;
				CLANG_WARN_INFINITE_RECURSION = YES;
				CLANG_WARN_INT_CONVERSION = YES;
				CLANG_WARN_OBJC_ROOT_CLASS = YES_ERROR;
				CLANG_WARN_SUSPICIOUS_MOVE = YES;
				CLANG_WARN_UNREACHABLE_CODE = YES;
				CLANG_WARN__DUPLICATE_METHOD_MATCH = YES;
				"CODE_SIGN_IDENTITY[sdk=iphoneos*]" = "iPhone Developer";
				COPY_PHASE_STRIP = NO;
				DEBUG_INFORMATION_FORMAT = "dwarf-with-dsym";
				ENABLE_NS_ASSERTIONS = NO;
				ENABLE_STRICT_OBJC_MSGSEND = YES;
				GCC_C_LANGUAGE_STANDARD = gnu99;
				GCC_NO_COMMON_BLOCKS = YES;
				GCC_WARN_64_TO_32_BIT_CONVERSION = YES;
				GCC_WARN_ABOUT_RETURN_TYPE = YES_ERROR;
				GCC_WARN_UNDECLARED_SELECTOR = YES;
				GCC_WARN_UNINITIALIZED_AUTOS = YES_AGGRESSIVE;
				GCC_WARN_UNUSED_FUNCTION = YES;
				GCC_WARN_UNUSED_VARIABLE = YES;
				IPHONEOS_DEPLOYMENT_TARGET = 10.2;
				MTL_ENABLE_DEBUG_INFO = NO;
				SDKROOT = iphoneos;
				TARGETED_DEVICE_FAMILY = "1,2";
				VALIDATE_PRODUCT = YES;
			};
			name = Release;
		};
		E32599051E7A7E1A004A8788 /* Debug */ = {
			isa = XCBuildConfiguration;
			buildSettings = {
				ASSETCATALOG_COMPILER_APPICON_NAME = AppIcon;
				DEVELOPMENT_TEAM = 72448A77WQ;
				INFOPLIST_FILE = NNJaneBook/Info.plist;
				LD_RUNPATH_SEARCH_PATHS = "$(inherited) @executable_path/Frameworks";
				PRODUCT_BUNDLE_IDENTIFIER = KangXin.NNJaneBook;
				PRODUCT_NAME = "$(TARGET_NAME)";
			};
			name = Debug;
		};
		E32599061E7A7E1A004A8788 /* Release */ = {
			isa = XCBuildConfiguration;
			buildSettings = {
				ASSETCATALOG_COMPILER_APPICON_NAME = AppIcon;
				DEVELOPMENT_TEAM = 72448A77WQ;
				INFOPLIST_FILE = NNJaneBook/Info.plist;
				LD_RUNPATH_SEARCH_PATHS = "$(inherited) @executable_path/Frameworks";
				PRODUCT_BUNDLE_IDENTIFIER = KangXin.NNJaneBook;
				PRODUCT_NAME = "$(TARGET_NAME)";
			};
			name = Release;
		};
		E32599081E7A7E1A004A8788 /* Debug */ = {
			isa = XCBuildConfiguration;
			buildSettings = {
				BUNDLE_LOADER = "$(TEST_HOST)";
				DEVELOPMENT_TEAM = 72448A77WQ;
				INFOPLIST_FILE = NNJaneBookTests/Info.plist;
				LD_RUNPATH_SEARCH_PATHS = "$(inherited) @executable_path/Frameworks @loader_path/Frameworks";
				PRODUCT_BUNDLE_IDENTIFIER = KangXin.NNJaneBookTests;
				PRODUCT_NAME = "$(TARGET_NAME)";
				TEST_HOST = "$(BUILT_PRODUCTS_DIR)/NNJaneBook.app/NNJaneBook";
			};
			name = Debug;
		};
		E32599091E7A7E1A004A8788 /* Release */ = {
			isa = XCBuildConfiguration;
			buildSettings = {
				BUNDLE_LOADER = "$(TEST_HOST)";
				DEVELOPMENT_TEAM = 72448A77WQ;
				INFOPLIST_FILE = NNJaneBookTests/Info.plist;
				LD_RUNPATH_SEARCH_PATHS = "$(inherited) @executable_path/Frameworks @loader_path/Frameworks";
				PRODUCT_BUNDLE_IDENTIFIER = KangXin.NNJaneBookTests;
				PRODUCT_NAME = "$(TARGET_NAME)";
				TEST_HOST = "$(BUILT_PRODUCTS_DIR)/NNJaneBook.app/NNJaneBook";
			};
			name = Release;
		};
/* End XCBuildConfiguration section */

/* Begin XCConfigurationList section */
		E32598DA1E7A7E1A004A8788 /* Build configuration list for PBXProject "NNJaneBook" */ = {
			isa = XCConfigurationList;
			buildConfigurations = (
				E32599021E7A7E1A004A8788 /* Debug */,
				E32599031E7A7E1A004A8788 /* Release */,
			);
			defaultConfigurationIsVisible = 0;
			defaultConfigurationName = Release;
		};
		E32599041E7A7E1A004A8788 /* Build configuration list for PBXNativeTarget "NNJaneBook" */ = {
			isa = XCConfigurationList;
			buildConfigurations = (
				E32599051E7A7E1A004A8788 /* Debug */,
				E32599061E7A7E1A004A8788 /* Release */,
			);
			defaultConfigurationIsVisible = 0;
			defaultConfigurationName = Release;
		};
		E32599071E7A7E1A004A8788 /* Build configuration list for PBXNativeTarget "NNJaneBookTests" */ = {
			isa = XCConfigurationList;
			buildConfigurations = (
				E32599081E7A7E1A004A8788 /* Debug */,
				E32599091E7A7E1A004A8788 /* Release */,
			);
			defaultConfigurationIsVisible = 0;
			defaultConfigurationName = Release;
		};
/* End XCConfigurationList section */

/* Begin XCVersionGroup section */
		E32598EE1E7A7E1A004A8788 /* NNJaneBook.xcdatamodeld */ = {
			isa = XCVersionGroup;
			children = (
				E32598EF1E7A7E1A004A8788 /* NNJaneBook.xcdatamodel */,
			);
			currentVersion = E32598EF1E7A7E1A004A8788 /* NNJaneBook.xcdatamodel */;
			path = NNJaneBook.xcdatamodeld;
			sourceTree = "<group>";
			versionGroupType = wrapper.xcdatamodel;
		};
/* End XCVersionGroup section */
	};
	rootObject = E32598D71E7A7E1A004A8788 /* Project object */;
}
